
Microsoft Visual Studio Solution File, Format Version 12.00
# Visual Studio Version 16
VisualStudioVersion = 16.0.30011.22
MinimumVisualStudioVersion = 10.0.40219.1
Project("{FAE04EC0-301F-11D3-BF4B-00C04F79EFBC}") = "Client", "Client\Client.csproj", "{F6E245B1-FDDE-4D46-BB10-09C93E42DC05}"
EndProject
Project("{FAE04EC0-301F-11D3-BF4B-00C04F79EFBC}") = "Manager", "Manager\Manager.csproj", "{0C6D3BD2-DD6D-44CD-BB60-08C4E20EA17D}"
EndProject
Project("{FAE04EC0-301F-11D3-BF4B-00C04F79EFBC}") = "Server", "Server\Server.csproj", "{F83650E8-5BF3-4CBD-9EB3-22E6CF458854}"
EndProject
Global
	GlobalSection(SolutionConfigurationPlatforms) = preSolution
		Debug|Any CPU = Debug|Any CPU
		Release|Any CPU = Release|Any CPU
	EndGlobalSection
	GlobalSection(ProjectConfigurationPlatforms) = postSolution
		{F6E245B1-FDDE-4D46-BB10-09C93E42DC05}.Debug|Any CPU.ActiveCfg = Debug|Any CPU
		{F6E245B1-FDDE-4D46-BB10-09C93E42DC05}.Debug|Any CPU.Build.0 = Debug|Any CPU
		{F6E245B1-FDDE-4D46-BB10-09C93E42DC05}.Release|Any CPU.ActiveCfg = Release|Any CPU
		{F6E245B1-FDDE-4D46-BB10-09C93E42DC05}.Release|Any CPU.Build.0 = Release|Any CPU
		{0C6D3BD2-DD6D-44CD-BB60-08C4E20EA17D}.Debug|Any CPU.ActiveCfg = Debug|Any CPU
		{0C6D3BD2-DD6D-44CD-BB60-08C4E20EA17D}.Debug|Any CPU.Build.0 = Debug|Any CPU
		{0C6D3BD2-DD6D-44CD-BB60-08C4E20EA17D}.Release|Any CPU.ActiveCfg = Release|Any CPU
		{0C6D3BD2-DD6D-44CD-BB60-08C4E20EA17D}.Release|Any CPU.Build.0 = Release|Any CPU
		{F83650E8-5BF3-4CBD-9EB3-22E6CF458854}.Debug|Any CPU.ActiveCfg = Debug|Any CPU
		{F83650E8-5BF3-4CBD-9EB3-22E6CF458854}.Debug|Any CPU.Build.0 = Debug|Any CPU
		{F83650E8-5BF3-4CBD-9EB3-22E6CF458854}.Release|Any CPU.ActiveCfg = Release|Any CPU
		{F83650E8-5BF3-4CBD-9EB3-22E6CF458854}.Release|Any CPU.Build.0 = Release|Any CPU
	EndGlobalSection
	GlobalSection(SolutionProperties) = preSolution
		HideSolutionNode = FALSE
	EndGlobalSection
	GlobalSection(ExtensibilityGlobals) = postSolution
		SolutionGuid = {F12DFDFE-61EB-4654-841E-F01342380EB1}
	EndGlobalSection
EndGlobal
